
Microsoft Visual Studio Solution File, Format Version 12.00
# Visual Studio Version 17
VisualStudioVersion = 17.0.31903.59
MinimumVisualStudioVersion = 10.0.40219.1
Project("{2150E333-8FDC-42A3-9474-1A3956D46DE8}") = "src", "src", "{827E0CD3-B72D-47B6-A68D-7590B98EB39B}"
EndProject
Project("{FAE04EC0-301F-11D3-BF4B-00C04F79EFBC}") = "Bank.Api", "src\Bank.Api\Bank.Api.csproj", "{6B9D2153-32CB-41E5-92ED-397E50DDE595}"
EndProject
Project("{FAE04EC0-301F-11D3-BF4B-00C04F79EFBC}") = "Bank.Application", "src\Bank.Application\Bank.Application.csproj", "{031013F1-D28D-496F-AD31-2B4C5EF52241}"
EndProject
Project("{FAE04EC0-301F-11D3-BF4B-00C04F79EFBC}") = "Bank.Domain", "src\Bank.Domain\Bank.Domain.csproj", "{EA89C018-394A-4787-B9D0-9D74B7FAA8FC}"
EndProject
Project("{FAE04EC0-301F-11D3-BF4B-00C04F79EFBC}") = "Bank.Contracts", "src\Bank.Contracts\Bank.Contracts.csproj", "{EE6366DF-0EA5-4326-A759-A88C9B8E13F6}"
EndProject
Project("{FAE04EC0-301F-11D3-BF4B-00C04F79EFBC}") = "Bank.Infrastructure", "src\Bank.Infrastructure\Bank.Infrastructure.csproj", "{5E88F953-4452-43C6-8721-6C76232240ED}"
EndProject
Project("{FAE04EC0-301F-11D3-BF4B-00C04F79EFBC}") = "Bank.Tests", "tests\Bank.Tests\Bank.Tests.csproj", "{16C47632-2535-4D63-AB53-25C25B16AFBD}"
EndProject
Global
	GlobalSection(SolutionConfigurationPlatforms) = preSolution
		Debug|Any CPU = Debug|Any CPU
		Debug|x64 = Debug|x64
		Debug|x86 = Debug|x86
		Release|Any CPU = Release|Any CPU
		Release|x64 = Release|x64
		Release|x86 = Release|x86
	EndGlobalSection
	GlobalSection(ProjectConfigurationPlatforms) = postSolution
		{6B9D2153-32CB-41E5-92ED-397E50DDE595}.Debug|Any CPU.ActiveCfg = Debug|Any CPU
		{6B9D2153-32CB-41E5-92ED-397E50DDE595}.Debug|Any CPU.Build.0 = Debug|Any CPU
		{6B9D2153-32CB-41E5-92ED-397E50DDE595}.Debug|x64.ActiveCfg = Debug|Any CPU
		{6B9D2153-32CB-41E5-92ED-397E50DDE595}.Debug|x64.Build.0 = Debug|Any CPU
		{6B9D2153-32CB-41E5-92ED-397E50DDE595}.Debug|x86.ActiveCfg = Debug|Any CPU
		{6B9D2153-32CB-41E5-92ED-397E50DDE595}.Debug|x86.Build.0 = Debug|Any CPU
		{6B9D2153-32CB-41E5-92ED-397E50DDE595}.Release|Any CPU.ActiveCfg = Release|Any CPU
		{6B9D2153-32CB-41E5-92ED-397E50DDE595}.Release|Any CPU.Build.0 = Release|Any CPU
		{6B9D2153-32CB-41E5-92ED-397E50DDE595}.Release|x64.ActiveCfg = Release|Any CPU
		{6B9D2153-32CB-41E5-92ED-397E50DDE595}.Release|x64.Build.0 = Release|Any CPU
		{6B9D2153-32CB-41E5-92ED-397E50DDE595}.Release|x86.ActiveCfg = Release|Any CPU
		{6B9D2153-32CB-41E5-92ED-397E50DDE595}.Release|x86.Build.0 = Release|Any CPU
		{031013F1-D28D-496F-AD31-2B4C5EF52241}.Debug|Any CPU.ActiveCfg = Debug|Any CPU
		{031013F1-D28D-496F-AD31-2B4C5EF52241}.Debug|Any CPU.Build.0 = Debug|Any CPU
		{031013F1-D28D-496F-AD31-2B4C5EF52241}.Debug|x64.ActiveCfg = Debug|Any CPU
		{031013F1-D28D-496F-AD31-2B4C5EF52241}.Debug|x64.Build.0 = Debug|Any CPU
		{031013F1-D28D-496F-AD31-2B4C5EF52241}.Debug|x86.ActiveCfg = Debug|Any CPU
		{031013F1-D28D-496F-AD31-2B4C5EF52241}.Debug|x86.Build.0 = Debug|Any CPU
		{031013F1-D28D-496F-AD31-2B4C5EF52241}.Release|Any CPU.ActiveCfg = Release|Any CPU
		{031013F1-D28D-496F-AD31-2B4C5EF52241}.Release|Any CPU.Build.0 = Release|Any CPU
		{031013F1-D28D-496F-AD31-2B4C5EF52241}.Release|x64.ActiveCfg = Release|Any CPU
		{031013F1-D28D-496F-AD31-2B4C5EF52241}.Release|x64.Build.0 = Release|Any CPU
		{031013F1-D28D-496F-AD31-2B4C5EF52241}.Release|x86.ActiveCfg = Release|Any CPU
		{031013F1-D28D-496F-AD31-2B4C5EF52241}.Release|x86.Build.0 = Release|Any CPU
		{EA89C018-394A-4787-B9D0-9D74B7FAA8FC}.Debug|Any CPU.ActiveCfg = Debug|Any CPU
		{EA89C018-394A-4787-B9D0-9D74B7FAA8FC}.Debug|Any CPU.Build.0 = Debug|Any CPU
		{EA89C018-394A-4787-B9D0-9D74B7FAA8FC}.Debug|x64.ActiveCfg = Debug|Any CPU
		{EA89C018-394A-4787-B9D0-9D74B7FAA8FC}.Debug|x64.Build.0 = Debug|Any CPU
		{EA89C018-394A-4787-B9D0-9D74B7FAA8FC}.Debug|x86.ActiveCfg = Debug|Any CPU
		{EA89C018-394A-4787-B9D0-9D74B7FAA8FC}.Debug|x86.Build.0 = Debug|Any CPU
		{EA89C018-394A-4787-B9D0-9D74B7FAA8FC}.Release|Any CPU.ActiveCfg = Release|Any CPU
		{EA89C018-394A-4787-B9D0-9D74B7FAA8FC}.Release|Any CPU.Build.0 = Release|Any CPU
		{EA89C018-394A-4787-B9D0-9D74B7FAA8FC}.Release|x64.ActiveCfg = Release|Any CPU
		{EA89C018-394A-4787-B9D0-9D74B7FAA8FC}.Release|x64.Build.0 = Release|Any CPU
		{EA89C018-394A-4787-B9D0-9D74B7FAA8FC}.Release|x86.ActiveCfg = Release|Any CPU
		{EA89C018-394A-4787-B9D0-9D74B7FAA8FC}.Release|x86.Build.0 = Release|Any CPU
		{EE6366DF-0EA5-4326-A759-A88C9B8E13F6}.Debug|Any CPU.ActiveCfg = Debug|Any CPU
		{EE6366DF-0EA5-4326-A759-A88C9B8E13F6}.Debug|Any CPU.Build.0 = Debug|Any CPU
		{EE6366DF-0EA5-4326-A759-A88C9B8E13F6}.Debug|x64.ActiveCfg = Debug|Any CPU
		{EE6366DF-0EA5-4326-A759-A88C9B8E13F6}.Debug|x64.Build.0 = Debug|Any CPU
		{EE6366DF-0EA5-4326-A759-A88C9B8E13F6}.Debug|x86.ActiveCfg = Debug|Any CPU
		{EE6366DF-0EA5-4326-A759-A88C9B8E13F6}.Debug|x86.Build.0 = Debug|Any CPU
		{EE6366DF-0EA5-4326-A759-A88C9B8E13F6}.Release|Any CPU.ActiveCfg = Release|Any CPU
		{EE6366DF-0EA5-4326-A759-A88C9B8E13F6}.Release|Any CPU.Build.0 = Release|Any CPU
		{EE6366DF-0EA5-4326-A759-A88C9B8E13F6}.Release|x64.ActiveCfg = Release|Any CPU
		{EE6366DF-0EA5-4326-A759-A88C9B8E13F6}.Release|x64.Build.0 = Release|Any CPU
		{EE6366DF-0EA5-4326-A759-A88C9B8E13F6}.Release|x86.ActiveCfg = Release|Any CPU
		{EE6366DF-0EA5-4326-A759-A88C9B8E13F6}.Release|x86.Build.0 = Release|Any CPU
		{5E88F953-4452-43C6-8721-6C76232240ED}.Debug|Any CPU.ActiveCfg = Debug|Any CPU
		{5E88F953-4452-43C6-8721-6C76232240ED}.Debug|Any CPU.Build.0 = Debug|Any CPU
		{5E88F953-4452-43C6-8721-6C76232240ED}.Debug|x64.ActiveCfg = Debug|Any CPU
		{5E88F953-4452-43C6-8721-6C76232240ED}.Debug|x64.Build.0 = Debug|Any CPU
		{5E88F953-4452-43C6-8721-6C76232240ED}.Debug|x86.ActiveCfg = Debug|Any CPU
		{5E88F953-4452-43C6-8721-6C76232240ED}.Debug|x86.Build.0 = Debug|Any CPU
		{5E88F953-4452-43C6-8721-6C76232240ED}.Release|Any CPU.ActiveCfg = Release|Any CPU
		{5E88F953-4452-43C6-8721-6C76232240ED}.Release|Any CPU.Build.0 = Release|Any CPU
		{5E88F953-4452-43C6-8721-6C76232240ED}.Release|x64.ActiveCfg = Release|Any CPU
		{5E88F953-4452-43C6-8721-6C76232240ED}.Release|x64.Build.0 = Release|Any CPU
		{5E88F953-4452-43C6-8721-6C76232240ED}.Release|x86.ActiveCfg = Release|Any CPU
		{5E88F953-4452-43C6-8721-6C76232240ED}.Release|x86.Build.0 = Release|Any CPU
		{16C47632-2535-4D63-AB53-25C25B16AFBD}.Debug|Any CPU.ActiveCfg = Debug|Any CPU
		{16C47632-2535-4D63-AB53-25C25B16AFBD}.Debug|Any CPU.Build.0 = Debug|Any CPU
		{16C47632-2535-4D63-AB53-25C25B16AFBD}.Debug|x64.ActiveCfg = Debug|Any CPU
		{16C47632-2535-4D63-AB53-25C25B16AFBD}.Debug|x64.Build.0 = Debug|Any CPU
		{16C47632-2535-4D63-AB53-25C25B16AFBD}.Debug|x86.ActiveCfg = Debug|Any CPU
		{16C47632-2535-4D63-AB53-25C25B16AFBD}.Debug|x86.Build.0 = Debug|Any CPU
		{16C47632-2535-4D63-AB53-25C25B16AFBD}.Release|Any CPU.ActiveCfg = Release|Any CPU
		{16C47632-2535-4D63-AB53-25C25B16AFBD}.Release|Any CPU.Build.0 = Release|Any CPU
		{16C47632-2535-4D63-AB53-25C25B16AFBD}.Release|x64.ActiveCfg = Release|Any CPU
		{16C47632-2535-4D63-AB53-25C25B16AFBD}.Release|x64.Build.0 = Release|Any CPU
		{16C47632-2535-4D63-AB53-25C25B16AFBD}.Release|x86.ActiveCfg = Release|Any CPU
		{16C47632-2535-4D63-AB53-25C25B16AFBD}.Release|x86.Build.0 = Release|Any CPU
	EndGlobalSection
	GlobalSection(SolutionProperties) = preSolution
		HideSolutionNode = FALSE
	EndGlobalSection
	GlobalSection(NestedProjects) = preSolution
		{6B9D2153-32CB-41E5-92ED-397E50DDE595} = {827E0CD3-B72D-47B6-A68D-7590B98EB39B}
		{031013F1-D28D-496F-AD31-2B4C5EF52241} = {827E0CD3-B72D-47B6-A68D-7590B98EB39B}
		{EA89C018-394A-4787-B9D0-9D74B7FAA8FC} = {827E0CD3-B72D-47B6-A68D-7590B98EB39B}
		{EE6366DF-0EA5-4326-A759-A88C9B8E13F6} = {827E0CD3-B72D-47B6-A68D-7590B98EB39B}
		{5E88F953-4452-43C6-8721-6C76232240ED} = {827E0CD3-B72D-47B6-A68D-7590B98EB39B}
		{16C47632-2535-4D63-AB53-25C25B16AFBD} = {827E0CD3-B72D-47B6-A68D-7590B98EB39B}
	EndGlobalSection
EndGlobal
